# THIS IS AN AUTOGENERATED FILE. DO NOT EDIT THIS FILE DIRECTLY.
# yarn lockfile v1


"@lit/reactive-element@^1.3.0":
  version "1.3.3"
  resolved "https://registry.yarnpkg.com/@lit/reactive-element/-/reactive-element-1.3.3.tgz#851de2bd28d6c3378a816a28d2505075931559c2"
  integrity sha512-ukelZ49tzUqgOAEbVujl/U62JNK3wdn5kKtXVqrjKND4QvHACZOMOYaZI6/5Jd8vsg+Fq9HDwiib70FBLydOiQ==

"@lottiefiles/lottie-player@^1.5.7":
  version "1.5.7"
  resolved "https://registry.yarnpkg.com/@lottiefiles/lottie-player/-/lottie-player-1.5.7.tgz#15f2a5d95d46103fb269c65cf0523cbe8fdf35a7"
  integrity sha512-G9rBnH3GJv7ADPLGhwvauWf5IhHja5615N9ROjVE7O384nkHccJ2C/v0AZ9ybx63QTGojN7NaKYdTKq6NMcNrg==
  dependencies:
    "@types/pako" "^1.0.1"
    lit "^2.1.2"
    lottie-web "^5.8.1"
    pako "^2.0.4"
    resize-observer-polyfill "^1.5.1"

"@types/pako@^1.0.1":
  version "1.0.4"
  resolved "https://registry.yarnpkg.com/@types/pako/-/pako-1.0.4.tgz#b4262aef92680a9331fcdb8420c69cf3dd98d3f3"
  integrity sha512-Z+5bJSm28EXBSUJEgx29ioWeEEHUh6TiMkZHDhLwjc9wVFH+ressbkmX6waUZc5R3Gobn4Qu5llGxaoflZ+yhA==

"@types/trusted-types@^2.0.2":
  version "2.0.2"
  resolved "https://registry.yarnpkg.com/@types/trusted-types/-/trusted-types-2.0.2.tgz#fc25ad9943bcac11cceb8168db4f275e0e72e756"
  integrity sha512-F5DIZ36YVLE+PN+Zwws4kJogq47hNgX3Nx6WyDJ3kcplxyke3XIzB8uK5n/Lpm1HBsbGzd6nmGehL8cPekP+Tg==

lit-element@^3.2.0:
  version "3.2.1"
  resolved "https://registry.yarnpkg.com/lit-element/-/lit-element-3.2.1.tgz#f917d22451b848768f84164d41eb5e18903986e3"
  integrity sha512-2PxyE9Yq9Jyo/YBK2anycaHcqo93YvB5D+24JxloPVqryW/BOXekne+jGsm0Ke3E5E2v7CDgkmpEmCAzYfrHCQ==
  dependencies:
    "@lit/reactive-element" "^1.3.0"
    lit-html "^2.2.0"

lit-html@^2.2.0:
  version "2.2.6"
  resolved "https://registry.yarnpkg.com/lit-html/-/lit-html-2.2.6.tgz#e70679605420a34c4f3cbd0c483b2fb1fff781df"
  integrity sha512-xOKsPmq/RAKJ6dUeOxhmOYFjcjf0Q7aSdfBJgdJkOfCUnkmmJPxNrlZpRBeVe1Gg50oYWMlgm6ccAE/SpJgSdw==
  dependencies:
    "@types/trusted-types" "^2.0.2"

lit@^2.1.2:
  version "2.2.7"
  resolved "https://registry.yarnpkg.com/lit/-/lit-2.2.7.tgz#a563e8851db1f131912f510129dcc9a42324e838"
  integrity sha512-WXYujlKFwme5ZqXOZoWuRVZQAwy7scbcVT3wCbAOHefOxyscqjywWGlF2e6nnC9E64yP9l2ZQlN8wZcRlrjUMQ==
  dependencies:
    "@lit/reactive-element" "^1.3.0"
    lit-element "^3.2.0"
    lit-html "^2.2.0"

lottie-web@^5.8.1:
  version "5.9.6"
  resolved "https://registry.yarnpkg.com/lottie-web/-/lottie-web-5.9.6.tgz#62ae68563355d3e04aa75d53dec3dd4bea0e57c9"
  integrity sha512-JFs7KsHwflugH5qIXBpB4905yC1Sub2MZWtl/elvO/QC6qj1ApqbUZJyjzJseJUtVpgiDaXQLjBlIJGS7UUUXA==

pako@^2.0.4:
  version "2.0.4"
  resolved "https://registry.yarnpkg.com/pako/-/pako-2.0.4.tgz#6cebc4bbb0b6c73b0d5b8d7e8476e2b2fbea576d"
  integrity sha512-v8tweI900AUkZN6heMU/4Uy4cXRc2AYNRggVmTR+dEncawDJgCdLMximOVA2p4qO57WMynangsfGRb5WD6L1Bg==

resize-observer-polyfill@^1.5.1:
  version "1.5.1"
  resolved "https://registry.yarnpkg.com/resize-observer-polyfill/-/resize-observer-polyfill-1.5.1.tgz#0e9020dd3d21024458d4ebd27e23e40269810464"
  integrity sha512-LwZrotdHOo12nQuZlHEmtuXdqGoOD0OhaxopaNFxWzInpEgaLWoVuAMbTzixuosCx2nEG58ngzW3vxdWoxIgdg==
